{
  "name": "@rmsdk/parseOpenAPI",
  "version": "0.0.0",
  "lockfileVersion": 3,
  "requires": true,
  "packages": {
    "": {
      "name": "@rmsdk/parseOpenAPI",
      "version": "0.0.0",
      "dependencies": {
        "@rmsdk/request": "^0.0.1-0"
      }
    },
    "node_modules/@rmsdk/request": {
      "version": "0.0.1-0",
      "resolved": "https://registry.npmjs.org/@rmsdk/request/-/request-0.0.1-0.tgz",
      "integrity": "sha512-HgkAnbpUYCs0wP1UDxJM4MEY7FvnjuueHTcT+jop+OJgJECecPKUexSuhcWkQuffKaxYCr114q2PZUwMJAa5JQ=="
    }
  }
}
